
Microsoft Visual Studio Solution File, Format Version 12.00
# Visual Studio Version 16
VisualStudioVersion = 16.0.31205.134
MinimumVisualStudioVersion = 10.0.40219.1
Project("{FAE04EC0-301F-11D3-BF4B-00C04F79EFBC}") = "LinqLabs_015_xuan", "LinqLabs\LinqLabs_015_xuan.csproj", "{03C24A6A-32D9-41E1-B469-80BDFD85D5D5}"
EndProject
Global
	GlobalSection(SolutionConfigurationPlatforms) = preSolution
		Debug|Any CPU = Debug|Any CPU
		Release|Any CPU = Release|Any CPU
	EndGlobalSection
	GlobalSection(ProjectConfigurationPlatforms) = postSolution
		{03C24A6A-32D9-41E1-B469-80BDFD85D5D5}.Debug|Any CPU.ActiveCfg = Debug|Any CPU
		{03C24A6A-32D9-41E1-B469-80BDFD85D5D5}.Debug|Any CPU.Build.0 = Debug|Any CPU
		{03C24A6A-32D9-41E1-B469-80BDFD85D5D5}.Release|Any CPU.ActiveCfg = Release|Any CPU
		{03C24A6A-32D9-41E1-B469-80BDFD85D5D5}.Release|Any CPU.Build.0 = Release|Any CPU
	EndGlobalSection
	GlobalSection(SolutionProperties) = preSolution
		HideSolutionNode = FALSE
	EndGlobalSection
	GlobalSection(ExtensibilityGlobals) = postSolution
		SolutionGuid = {746EC8AC-42B1-442D-8EE9-289226B1090D}
	EndGlobalSection
EndGlobal
